{
  "originHash" : "addbb5b083f902a1f38bc0d3bd9428bea3eaa124b432a6f8bf638399e0a840fa",
  "pins" : [
    {
      "identity" : "permissioncompanionkit",
      "kind" : "remoteSourceControl",
      "location" : "https://github.com/pierback/PermissionCompanionKit.git",
      "state" : {
        "revision" : "d2a06f9add4adfeb94a33a31d1c9bc03e410c5a2",
        "version" : "0.2.0"
      }
    }
  ],
  "version" : 3
}
